<?xml version="1.0" encoding="utf-8"?>
<Project ToolsVersion="4.0" xmlns="http://schemas.microsoft.com/developer/msbuild/2003">
  <ItemGroup>
    <ClCompile Include="src\GLWindow.cpp">
      <Filter>Source Files</Filter>
    </ClCompile>
    <ClCompile Include="src\MainWindow.cpp">
      <Filter>Source Files</Filter>
    </ClCompile>
    <ClCompile Include="src\moc_GLWindow.cpp">
      <Filter>Source Files</Filter>
    </ClCompile>
    <ClCompile Include="src\moc_MainWindow.cpp">
      <Filter>Source Files</Filter>
    </ClCompile>
    <ClCompile Include="src\main.cpp">
      <Filter>Source Files</Filter>
    </ClCompile>
    <ClCompile Include="src\DeferredShading.cpp">
      <Filter>Source Files</Filter>
    </ClCompile>
    <ClCompile Include="src\ObjectLoader.cpp">
      <Filter>Source Files</Filter>
    </ClCompile>
    <ClCompile Include="src\LightManager.cpp">
      <Filter>Source Files</Filter>
    </ClCompile>
    <ClCompile Include="src\DeferredPointLight.cpp">
      <Filter>Source Files</Filter>
    </ClCompile>
    <ClCompile Include="src\DeferredDirectionalLight.cpp">
      <Filter>Source Files</Filter>
    </ClCompile>
    <ClCompile Include="src\DeferredSpotLight.cpp">
      <Filter>Source Files</Filter>
    </ClCompile>
    <ClCompile Include="src\ConeLightVolume.cpp">
      <Filter>Source Files</Filter>
    </ClCompile>
    <ClCompile Include="src\SphereLightVolume.cpp">
      <Filter>Source Files</Filter>
    </ClCompile>
    <ClCompile Include="src\Spotlight.cpp">
      <Filter>Source Files</Filter>
    </ClCompile>
    <ClCompile Include="src\ngl\createDefaultVAOs.cpp">
      <Filter>Source Files\ngl</Filter>
    </ClCompile>
    <ClCompile Include="src\ModelLoader.cpp">
      <Filter>Source Files</Filter>
    </ClCompile>
    <ClCompile Include="src\ModelManager.cpp">
      <Filter>Source Files</Filter>
    </ClCompile>
    <ClCompile Include="src\InitFileParser.cpp">
      <Filter>Source Files</Filter>
    </ClCompile>
    <ClCompile Include="src\SSAO.cpp">
      <Filter>Source Files</Filter>
    </ClCompile>
  </ItemGroup>
  <ItemGroup>
    <ClInclude Include="include\GLWindow.h">
      <Filter>Header Files</Filter>
    </ClInclude>
    <ClInclude Include="include\MainWindow.h">
      <Filter>Header Files</Filter>
    </ClInclude>
    <ClInclude Include="include\DeferredShading.h">
      <Filter>Header Files</Filter>
    </ClInclude>
    <ClInclude Include="include\ObjectLoader.h">
      <Filter>Header Files</Filter>
    </ClInclude>
    <ClInclude Include="include\ConeLightVolume.h">
      <Filter>Header Files</Filter>
    </ClInclude>
    <ClInclude Include="include\SpotLight.h">
      <Filter>Header Files</Filter>
    </ClInclude>
    <ClInclude Include="include\SphereLightVolume.h">
      <Filter>Header Files</Filter>
    </ClInclude>
    <ClInclude Include="include\ngl\Meshes.h">
      <Filter>Header Files\ngl</Filter>
    </ClInclude>
    <ClInclude Include="include\ModelLoader.h">
      <Filter>Header Files</Filter>
    </ClInclude>
  </ItemGroup>
  <ItemGroup>
    <Filter Include="Source Files">
      <UniqueIdentifier>{8824ae59-3405-4278-a9d4-fb09232c1e62}</UniqueIdentifier>
    </Filter>
    <Filter Include="Header Files">
      <UniqueIdentifier>{9d648763-6494-4962-8bdc-6008a4c2859e}</UniqueIdentifier>
    </Filter>
    <Filter Include="Resource Files">
      <UniqueIdentifier>{7eb7963c-ad1e-467c-893c-98862ea08273}</UniqueIdentifier>
    </Filter>
    <Filter Include="Header Files\ngl">
      <UniqueIdentifier>{4796cabe-b2bb-4158-8683-b9064f45bfdb}</UniqueIdentifier>
    </Filter>
    <Filter Include="Source Files\ngl">
      <UniqueIdentifier>{b39c6488-c034-4aeb-b9e5-31bce843ebf6}</UniqueIdentifier>
    </Filter>
  </ItemGroup>
  <ItemGroup>
    <None Include="shaders\deferredFragmentDirectional.glsl">
      <Filter>Resource Files</Filter>
    </None>
    <None Include="shaders\deferredFragmentPointLight.glsl">
      <Filter>Resource Files</Filter>
    </None>
    <None Include="shaders\deferredFragmentSpotLight.glsl">
      <Filter>Resource Files</Filter>
    </None>
    <None Include="shaders\deferredVertexDirectional.glsl">
      <Filter>Resource Files</Filter>
    </None>
    <None Include="shaders\deferredVertexPointLight.glsl">
      <Filter>Resource Files</Filter>
    </None>
    <None Include="shaders\deferredVertexSpotLight.glsl">
      <Filter>Resource Files</Filter>
    </None>
    <None Include="shaders\Phong.fs">
      <Filter>Resource Files</Filter>
    </None>
    <None Include="shaders\Phong.vs">
      <Filter>Resource Files</Filter>
    </None>
  </ItemGroup>
</Project>